// !$*UTF8*$!
{
	archiveVersion = 1;
	classes = {
	};
	objectVersion = 46;
	objects = {

/* Begin PBXBuildFile section */
		7DD01D231D6249AA007CD68E /* Shakeable.swift in Sources */ = {isa = PBXBuildFile; fileRef = 7DD01D221D6249AA007CD68E /* Shakeable.swift */; };
		AE45DA221D44727F002FCB87 /* HobbiesCollectionViewHeader.swift in Sources */ = {isa = PBXBuildFile; fileRef = AE45DA211D44727F002FCB87 /* HobbiesCollectionViewHeader.swift */; };
		AE5289571D3C3E65009EC68D /* HobbyCollectionViewCell.swift in Sources */ = {isa = PBXBuildFile; fileRef = AE5289561D3C3E65009EC68D /* HobbyCollectionViewCell.swift */; };
		AE5295A21D418AAE003B5542 /* SFLBaseModel.swift in Sources */ = {isa = PBXBuildFile; fileRef = AE5295A01D418AAE003B5542 /* SFLBaseModel.swift */; };
		AE5295A31D418AAE003B5542 /* SFLConnection.swift in Sources */ = {isa = PBXBuildFile; fileRef = AE5295A11D418AAE003B5542 /* SFLConnection.swift */; };
		AE9D4E081D39E8CE006C5866 /* Models.swift in Sources */ = {isa = PBXBuildFile; fileRef = AE9D4E071D39E8CE006C5866 /* Models.swift */; };
		AE9D4E0A1D39E968006C5866 /* DataProviders.swift in Sources */ = {isa = PBXBuildFile; fileRef = AE9D4E091D39E968006C5866 /* DataProviders.swift */; };
		AEB163991D3F1DB200AB4203 /* Constants.swift in Sources */ = {isa = PBXBuildFile; fileRef = AEB163981D3F1DB200AB4203 /* Constants.swift */; };
		AEC24C181D35B209009AC613 /* HoBshareViewController.swift in Sources */ = {isa = PBXBuildFile; fileRef = AEC24C171D35B209009AC613 /* HoBshareViewController.swift */; };
		AEC24C1A1D35B24C009AC613 /* MeViewController.swift in Sources */ = {isa = PBXBuildFile; fileRef = AEC24C191D35B24C009AC613 /* MeViewController.swift */; };
		AEC24C1C1D35B281009AC613 /* EditHobbiesViewController.swift in Sources */ = {isa = PBXBuildFile; fileRef = AEC24C1B1D35B281009AC613 /* EditHobbiesViewController.swift */; };
		AEC24C1E1D35B2AD009AC613 /* NeighborsViewController.swift in Sources */ = {isa = PBXBuildFile; fileRef = AEC24C1D1D35B2AD009AC613 /* NeighborsViewController.swift */; };
		AEC3FE571D61023D00E39048 /* CustomUIView.swift in Sources */ = {isa = PBXBuildFile; fileRef = AEC3FE561D61023D00E39048 /* CustomUIView.swift */; };
		AEDC0BE41D333D5B00C0822B /* AppDelegate.swift in Sources */ = {isa = PBXBuildFile; fileRef = AEDC0BE31D333D5B00C0822B /* AppDelegate.swift */; };
		AEDC0BE91D333D5B00C0822B /* Main.storyboard in Resources */ = {isa = PBXBuildFile; fileRef = AEDC0BE71D333D5B00C0822B /* Main.storyboard */; };
		AEDC0BEB1D333D5B00C0822B /* Assets.xcassets in Resources */ = {isa = PBXBuildFile; fileRef = AEDC0BEA1D333D5B00C0822B /* Assets.xcassets */; };
		AEDC0BEE1D333D5B00C0822B /* LaunchScreen.storyboard in Resources */ = {isa = PBXBuildFile; fileRef = AEDC0BEC1D333D5B00C0822B /* LaunchScreen.storyboard */; };
		AEDC0BF91D333D5B00C0822B /* hoBshareTests.swift in Sources */ = {isa = PBXBuildFile; fileRef = AEDC0BF81D333D5B00C0822B /* hoBshareTests.swift */; };
		AEDC0C041D333D5B00C0822B /* hoBshareUITests.swift in Sources */ = {isa = PBXBuildFile; fileRef = AEDC0C031D333D5B00C0822B /* hoBshareUITests.swift */; };
		AEDC0C121D333FD200C0822B /* MapKit.framework in Frameworks */ = {isa = PBXBuildFile; fileRef = AEDC0C111D333FD200C0822B /* MapKit.framework */; };
/* End PBXBuildFile section */

/* Begin PBXContainerItemProxy section */
		AEDC0BF51D333D5B00C0822B /* PBXContainerItemProxy */ = {
			isa = PBXContainerItemProxy;
			containerPortal = AEDC0BD81D333D5A00C0822B /* Project object */;
			proxyType = 1;
			remoteGlobalIDString = AEDC0BDF1D333D5A00C0822B;
			remoteInfo = hoBshare;
		};
		AEDC0C001D333D5B00C0822B /* PBXContainerItemProxy */ = {
			isa = PBXContainerItemProxy;
			containerPortal = AEDC0BD81D333D5A00C0822B /* Project object */;
			proxyType = 1;
			remoteGlobalIDString = AEDC0BDF1D333D5A00C0822B;
			remoteInfo = hoBshare;
		};
/* End PBXContainerItemProxy section */

/* Begin PBXFileReference section */
		7DD01D221D6249AA007CD68E /* Shakeable.swift */ = {isa = PBXFileReference; fileEncoding = 4; lastKnownFileType = sourcecode.swift; name = Shakeable.swift; path = Components/Protocols/Shakeable.swift; sourceTree = "<group>"; };
		AE45DA211D44727F002FCB87 /* HobbiesCollectionViewHeader.swift */ = {isa = PBXFileReference; fileEncoding = 4; lastKnownFileType = sourcecode.swift; name = HobbiesCollectionViewHeader.swift; path = "UI/Generic UI/HobbiesCollectionViewHeader.swift"; sourceTree = "<group>"; };
		AE5289561D3C3E65009EC68D /* HobbyCollectionViewCell.swift */ = {isa = PBXFileReference; fileEncoding = 4; lastKnownFileType = sourcecode.swift; name = HobbyCollectionViewCell.swift; path = "UI/Generic UI/HobbyCollectionViewCell.swift"; sourceTree = "<group>"; };
		AE5295A01D418AAE003B5542 /* SFLBaseModel.swift */ = {isa = PBXFileReference; fileEncoding = 4; lastKnownFileType = sourcecode.swift; name = SFLBaseModel.swift; path = Components/Network/SFLBaseModel.swift; sourceTree = "<group>"; };
		AE5295A11D418AAE003B5542 /* SFLConnection.swift */ = {isa = PBXFileReference; fileEncoding = 4; lastKnownFileType = sourcecode.swift; name = SFLConnection.swift; path = Components/Network/SFLConnection.swift; sourceTree = "<group>"; };
		AE9D4E071D39E8CE006C5866 /* Models.swift */ = {isa = PBXFileReference; fileEncoding = 4; lastKnownFileType = sourcecode.swift; name = Models.swift; path = Components/Models/Models.swift; sourceTree = "<group>"; };
		AE9D4E091D39E968006C5866 /* DataProviders.swift */ = {isa = PBXFileReference; fileEncoding = 4; lastKnownFileType = sourcecode.swift; name = DataProviders.swift; path = "Components/Data Providers/DataProviders.swift"; sourceTree = "<group>"; };
		AEB163981D3F1DB200AB4203 /* Constants.swift */ = {isa = PBXFileReference; fileEncoding = 4; lastKnownFileType = sourcecode.swift; name = Constants.swift; path = Components/Constants/Constants.swift; sourceTree = "<group>"; };
		AEC24C171D35B209009AC613 /* HoBshareViewController.swift */ = {isa = PBXFileReference; fileEncoding = 4; lastKnownFileType = sourcecode.swift; name = HoBshareViewController.swift; path = UI/ViewControllers/HoBshareViewController.swift; sourceTree = "<group>"; };
		AEC24C191D35B24C009AC613 /* MeViewController.swift */ = {isa = PBXFileReference; fileEncoding = 4; lastKnownFileType = sourcecode.swift; name = MeViewController.swift; path = UI/ViewControllers/MeViewController.swift; sourceTree = "<group>"; };
		AEC24C1B1D35B281009AC613 /* EditHobbiesViewController.swift */ = {isa = PBXFileReference; fileEncoding = 4; lastKnownFileType = sourcecode.swift; name = EditHobbiesViewController.swift; path = UI/ViewControllers/EditHobbiesViewController.swift; sourceTree = "<group>"; };
		AEC24C1D1D35B2AD009AC613 /* NeighborsViewController.swift */ = {isa = PBXFileReference; fileEncoding = 4; lastKnownFileType = sourcecode.swift; name = NeighborsViewController.swift; path = UI/ViewControllers/NeighborsViewController.swift; sourceTree = "<group>"; };
		AEC3FE561D61023D00E39048 /* CustomUIView.swift */ = {isa = PBXFileReference; fileEncoding = 4; lastKnownFileType = sourcecode.swift; name = CustomUIView.swift; path = "UI/Generic UI/CustomUIView.swift"; sourceTree = "<group>"; };
		AEDC0BE01D333D5A00C0822B /* hoBshare.app */ = {isa = PBXFileReference; explicitFileType = wrapper.application; includeInIndex = 0; path = hoBshare.app; sourceTree = BUILT_PRODUCTS_DIR; };
		AEDC0BE31D333D5B00C0822B /* AppDelegate.swift */ = {isa = PBXFileReference; lastKnownFileType = sourcecode.swift; path = AppDelegate.swift; sourceTree = "<group>"; };
		AEDC0BE81D333D5B00C0822B /* Base */ = {isa = PBXFileReference; lastKnownFileType = file.storyboard; name = Base; path = Base.lproj/Main.storyboard; sourceTree = "<group>"; };
		AEDC0BEA1D333D5B00C0822B /* Assets.xcassets */ = {isa = PBXFileReference; lastKnownFileType = folder.assetcatalog; name = Assets.xcassets; path = Resources/Assets.xcassets; sourceTree = "<group>"; };
		AEDC0BED1D333D5B00C0822B /* Base */ = {isa = PBXFileReference; lastKnownFileType = file.storyboard; name = Base; path = Base.lproj/LaunchScreen.storyboard; sourceTree = "<group>"; };
		AEDC0BEF1D333D5B00C0822B /* Info.plist */ = {isa = PBXFileReference; lastKnownFileType = text.plist.xml; name = Info.plist; path = "Supporting Files/Info.plist"; sourceTree = "<group>"; };
		AEDC0BF41D333D5B00C0822B /* hoBshareTests.xctest */ = {isa = PBXFileReference; explicitFileType = wrapper.cfbundle; includeInIndex = 0; path = hoBshareTests.xctest; sourceTree = BUILT_PRODUCTS_DIR; };
		AEDC0BF81D333D5B00C0822B /* hoBshareTests.swift */ = {isa = PBXFileReference; lastKnownFileType = sourcecode.swift; path = hoBshareTests.swift; sourceTree = "<group>"; };
		AEDC0BFA1D333D5B00C0822B /* Info.plist */ = {isa = PBXFileReference; lastKnownFileType = text.plist.xml; path = Info.plist; sourceTree = "<group>"; };
		AEDC0BFF1D333D5B00C0822B /* hoBshareUITests.xctest */ = {isa = PBXFileReference; explicitFileType = wrapper.cfbundle; includeInIndex = 0; path = hoBshareUITests.xctest; sourceTree = BUILT_PRODUCTS_DIR; };
		AEDC0C031D333D5B00C0822B /* hoBshareUITests.swift */ = {isa = PBXFileReference; lastKnownFileType = sourcecode.swift; path = hoBshareUITests.swift; sourceTree = "<group>"; };
		AEDC0C051D333D5B00C0822B /* Info.plist */ = {isa = PBXFileReference; lastKnownFileType = text.plist.xml; path = Info.plist; sourceTree = "<group>"; };
		AEDC0C111D333FD200C0822B /* MapKit.framework */ = {isa = PBXFileReference; lastKnownFileType = wrapper.framework; name = MapKit.framework; path = System/Library/Frameworks/MapKit.framework; sourceTree = SDKROOT; };
/* End PBXFileReference section */

/* Begin PBXFrameworksBuildPhase section */
		AEDC0BDD1D333D5A00C0822B /* Frameworks */ = {
			isa = PBXFrameworksBuildPhase;
			buildActionMask = 2147483647;
			files = (
				AEDC0C121D333FD200C0822B /* MapKit.framework in Frameworks */,
			);
			runOnlyForDeploymentPostprocessing = 0;
		};
		AEDC0BF11D333D5B00C0822B /* Frameworks */ = {
			isa = PBXFrameworksBuildPhase;
			buildActionMask = 2147483647;
			files = (
			);
			runOnlyForDeploymentPostprocessing = 0;
		};
		AEDC0BFC1D333D5B00C0822B /* Frameworks */ = {
			isa = PBXFrameworksBuildPhase;
			buildActionMask = 2147483647;
			files = (
			);
			runOnlyForDeploymentPostprocessing = 0;
		};
/* End PBXFrameworksBuildPhase section */

/* Begin PBXGroup section */
		7DD01D1F1D624855007CD68E /* Protocols */ = {
			isa = PBXGroup;
			children = (
				7DD01D221D6249AA007CD68E /* Shakeable.swift */,
			);
			name = Protocols;
			sourceTree = "<group>";
		};
		AE2C20A41D46F3E80075E44D /* Components */ = {
			isa = PBXGroup;
			children = (
				7DD01D1F1D624855007CD68E /* Protocols */,
				AE2C20A71D46F4150075E44D /* Data Providers */,
				AE2C20A51D46F3FC0075E44D /* Constants */,
				AE94D8BD1D46FB9A00500563 /* Network */,
				AE2C20A61D46F4110075E44D /* Models */,
			);
			name = Components;
			sourceTree = "<group>";
		};
		AE2C20A51D46F3FC0075E44D /* Constants */ = {
			isa = PBXGroup;
			children = (
				AEB163981D3F1DB200AB4203 /* Constants.swift */,
			);
			name = Constants;
			sourceTree = "<group>";
		};
		AE2C20A61D46F4110075E44D /* Models */ = {
			isa = PBXGroup;
			children = (
				AE9D4E071D39E8CE006C5866 /* Models.swift */,
			);
			name = Models;
			sourceTree = "<group>";
		};
		AE2C20A71D46F4150075E44D /* Data Providers */ = {
			isa = PBXGroup;
			children = (
				AE9D4E091D39E968006C5866 /* DataProviders.swift */,
			);
			name = "Data Providers";
			sourceTree = "<group>";
		};
		AE2C20A81D46F4730075E44D /* Resources */ = {
			isa = PBXGroup;
			children = (
				AEDC0BEA1D333D5B00C0822B /* Assets.xcassets */,
			);
			name = Resources;
			sourceTree = "<group>";
		};
		AE2C20A91D46F48B0075E44D /* Suporting Files */ = {
			isa = PBXGroup;
			children = (
				AEDC0BEF1D333D5B00C0822B /* Info.plist */,
			);
			name = "Suporting Files";
			sourceTree = "<group>";
		};
		AE2C20AA1D46F4A20075E44D /* UI */ = {
			isa = PBXGroup;
			children = (
				AE2C20AB1D46F4A60075E44D /* Generic UI */,
				AE2C20AC1D46F4B00075E44D /* ViewControllers */,
				AE2C20AD1D46F4B50075E44D /* Views */,
			);
			name = UI;
			sourceTree = "<group>";
		};
		AE2C20AB1D46F4A60075E44D /* Generic UI */ = {
			isa = PBXGroup;
			children = (
				AE5289561D3C3E65009EC68D /* HobbyCollectionViewCell.swift */,
				AE45DA211D44727F002FCB87 /* HobbiesCollectionViewHeader.swift */,
				AEC3FE561D61023D00E39048 /* CustomUIView.swift */,
			);
			name = "Generic UI";
			sourceTree = "<group>";
		};
		AE2C20AC1D46F4B00075E44D /* ViewControllers */ = {
			isa = PBXGroup;
			children = (
				AEC24C171D35B209009AC613 /* HoBshareViewController.swift */,
				AEC24C191D35B24C009AC613 /* MeViewController.swift */,
				AEC24C1B1D35B281009AC613 /* EditHobbiesViewController.swift */,
				AEC24C1D1D35B2AD009AC613 /* NeighborsViewController.swift */,
			);
			name = ViewControllers;
			sourceTree = "<group>";
		};
		AE2C20AD1D46F4B50075E44D /* Views */ = {
			isa = PBXGroup;
			children = (
				AEDC0BE71D333D5B00C0822B /* Main.storyboard */,
				AEDC0BEC1D333D5B00C0822B /* LaunchScreen.storyboard */,
			);
			name = Views;
			sourceTree = "<group>";
		};
		AE94D8BD1D46FB9A00500563 /* Network */ = {
			isa = PBXGroup;
			children = (
				AE5295A11D418AAE003B5542 /* SFLConnection.swift */,
				AE5295A01D418AAE003B5542 /* SFLBaseModel.swift */,
			);
			name = Network;
			sourceTree = "<group>";
		};
		AEDC0BD71D333D5A00C0822B = {
			isa = PBXGroup;
			children = (
				AEDC0C111D333FD200C0822B /* MapKit.framework */,
				AEDC0BE21D333D5B00C0822B /* hoBshare */,
				AEDC0BF71D333D5B00C0822B /* hoBshareTests */,
				AEDC0C021D333D5B00C0822B /* hoBshareUITests */,
				AEDC0BE11D333D5A00C0822B /* Products */,
			);
			sourceTree = "<group>";
		};
		AEDC0BE11D333D5A00C0822B /* Products */ = {
			isa = PBXGroup;
			children = (
				AEDC0BE01D333D5A00C0822B /* hoBshare.app */,
				AEDC0BF41D333D5B00C0822B /* hoBshareTests.xctest */,
				AEDC0BFF1D333D5B00C0822B /* hoBshareUITests.xctest */,
			);
			name = Products;
			sourceTree = "<group>";
		};
		AEDC0BE21D333D5B00C0822B /* hoBshare */ = {
			isa = PBXGroup;
			children = (
				AEDC0BE31D333D5B00C0822B /* AppDelegate.swift */,
				AE2C20A41D46F3E80075E44D /* Components */,
				AE2C20A81D46F4730075E44D /* Resources */,
				AE2C20A91D46F48B0075E44D /* Suporting Files */,
				AE2C20AA1D46F4A20075E44D /* UI */,
			);
			path = hoBshare;
			sourceTree = "<group>";
		};
		AEDC0BF71D333D5B00C0822B /* hoBshareTests */ = {
			isa = PBXGroup;
			children = (
				AEDC0BF81D333D5B00C0822B /* hoBshareTests.swift */,
				AEDC0BFA1D333D5B00C0822B /* Info.plist */,
			);
			path = hoBshareTests;
			sourceTree = "<group>";
		};
		AEDC0C021D333D5B00C0822B /* hoBshareUITests */ = {
			isa = PBXGroup;
			children = (
				AEDC0C031D333D5B00C0822B /* hoBshareUITests.swift */,
				AEDC0C051D333D5B00C0822B /* Info.plist */,
			);
			path = hoBshareUITests;
			sourceTree = "<group>";
		};
/* End PBXGroup section */

/* Begin PBXNativeTarget section */
		AEDC0BDF1D333D5A00C0822B /* hoBshare */ = {
			isa = PBXNativeTarget;
			buildConfigurationList = AEDC0C081D333D5B00C0822B /* Build configuration list for PBXNativeTarget "hoBshare" */;
			buildPhases = (
				AEDC0BDC1D333D5A00C0822B /* Sources */,
				AEDC0BDD1D333D5A00C0822B /* Frameworks */,
				AEDC0BDE1D333D5A00C0822B /* Resources */,
			);
			buildRules = (
			);
			dependencies = (
			);
			name = hoBshare;
			productName = hoBshare;
			productReference = AEDC0BE01D333D5A00C0822B /* hoBshare.app */;
			productType = "com.apple.product-type.application";
		};
		AEDC0BF31D333D5B00C0822B /* hoBshareTests */ = {
			isa = PBXNativeTarget;
			buildConfigurationList = AEDC0C0B1D333D5B00C0822B /* Build configuration list for PBXNativeTarget "hoBshareTests" */;
			buildPhases = (
				AEDC0BF01D333D5B00C0822B /* Sources */,
				AEDC0BF11D333D5B00C0822B /* Frameworks */,
				AEDC0BF21D333D5B00C0822B /* Resources */,
			);
			buildRules = (
			);
			dependencies = (
				AEDC0BF61D333D5B00C0822B /* PBXTargetDependency */,
			);
			name = hoBshareTests;
			productName = hoBshareTests;
			productReference = AEDC0BF41D333D5B00C0822B /* hoBshareTests.xctest */;
			productType = "com.apple.product-type.bundle.unit-test";
		};
		AEDC0BFE1D333D5B00C0822B /* hoBshareUITests */ = {
			isa = PBXNativeTarget;
			buildConfigurationList = AEDC0C0E1D333D5B00C0822B /* Build configuration list for PBXNativeTarget "hoBshareUITests" */;
			buildPhases = (
				AEDC0BFB1D333D5B00C0822B /* Sources */,
				AEDC0BFC1D333D5B00C0822B /* Frameworks */,
				AEDC0BFD1D333D5B00C0822B /* Resources */,
			);
			buildRules = (
			);
			dependencies = (
				AEDC0C011D333D5B00C0822B /* PBXTargetDependency */,
			);
			name = hoBshareUITests;
			productName = hoBshareUITests;
			productReference = AEDC0BFF1D333D5B00C0822B /* hoBshareUITests.xctest */;
			productType = "com.apple.product-type.bundle.ui-testing";
		};
/* End PBXNativeTarget section */

/* Begin PBXProject section */
		AEDC0BD81D333D5A00C0822B /* Project object */ = {
			isa = PBXProject;
			attributes = {
				LastSwiftUpdateCheck = 0730;
				LastUpgradeCheck = 0730;
				ORGANIZATIONNAME = "Felipe Lefevre Marino";
				TargetAttributes = {
					AEDC0BDF1D333D5A00C0822B = {
						CreatedOnToolsVersion = 7.3.1;
						DevelopmentTeam = X9MK4PBNUW;
					};
					AEDC0BF31D333D5B00C0822B = {
						CreatedOnToolsVersion = 7.3.1;
						DevelopmentTeam = X9MK4PBNUW;
						TestTargetID = AEDC0BDF1D333D5A00C0822B;
					};
					AEDC0BFE1D333D5B00C0822B = {
						CreatedOnToolsVersion = 7.3.1;
						DevelopmentTeam = X9MK4PBNUW;
						TestTargetID = AEDC0BDF1D333D5A00C0822B;
					};
				};
			};
			buildConfigurationList = AEDC0BDB1D333D5A00C0822B /* Build configuration list for PBXProject "hoBshare" */;
			compatibilityVersion = "Xcode 3.2";
			developmentRegion = English;
			hasScannedForEncodings = 0;
			knownRegions = (
				en,
				Base,
			);
			mainGroup = AEDC0BD71D333D5A00C0822B;
			productRefGroup = AEDC0BE11D333D5A00C0822B /* Products */;
			projectDirPath = "";
			projectRoot = "";
			targets = (
				AEDC0BDF1D333D5A00C0822B /* hoBshare */,
				AEDC0BF31D333D5B00C0822B /* hoBshareTests */,
				AEDC0BFE1D333D5B00C0822B /* hoBshareUITests */,
			);
		};
/* End PBXProject section */

/* Begin PBXResourcesBuildPhase section */
		AEDC0BDE1D333D5A00C0822B /* Resources */ = {
			isa = PBXResourcesBuildPhase;
			buildActionMask = 2147483647;
			files = (
				AEDC0BEE1D333D5B00C0822B /* LaunchScreen.storyboard in Resources */,
				AEDC0BEB1D333D5B00C0822B /* Assets.xcassets in Resources */,
				AEDC0BE91D333D5B00C0822B /* Main.storyboard in Resources */,
			);
			runOnlyForDeploymentPostprocessing = 0;
		};
		AEDC0BF21D333D5B00C0822B /* Resources */ = {
			isa = PBXResourcesBuildPhase;
			buildActionMask = 2147483647;
			files = (
			);
			runOnlyForDeploymentPostprocessing = 0;
		};
		AEDC0BFD1D333D5B00C0822B /* Resources */ = {
			isa = PBXResourcesBuildPhase;
			buildActionMask = 2147483647;
			files = (
			);
			runOnlyForDeploymentPostprocessing = 0;
		};
/* End PBXResourcesBuildPhase section */

/* Begin PBXSourcesBuildPhase section */
		AEDC0BDC1D333D5A00C0822B /* Sources */ = {
			isa = PBXSourcesBuildPhase;
			buildActionMask = 2147483647;
			files = (
				AEC24C1E1D35B2AD009AC613 /* NeighborsViewController.swift in Sources */,
				AEC24C1A1D35B24C009AC613 /* MeViewController.swift in Sources */,
				7DD01D231D6249AA007CD68E /* Shakeable.swift in Sources */,
				AE9D4E0A1D39E968006C5866 /* DataProviders.swift in Sources */,
				AEC24C181D35B209009AC613 /* HoBshareViewController.swift in Sources */,
				AEC24C1C1D35B281009AC613 /* EditHobbiesViewController.swift in Sources */,
				AEC3FE571D61023D00E39048 /* CustomUIView.swift in Sources */,
				AE45DA221D44727F002FCB87 /* HobbiesCollectionViewHeader.swift in Sources */,
				AE9D4E081D39E8CE006C5866 /* Models.swift in Sources */,
				AE5295A31D418AAE003B5542 /* SFLConnection.swift in Sources */,
				AEDC0BE41D333D5B00C0822B /* AppDelegate.swift in Sources */,
				AE5289571D3C3E65009EC68D /* HobbyCollectionViewCell.swift in Sources */,
				AE5295A21D418AAE003B5542 /* SFLBaseModel.swift in Sources */,
				AEB163991D3F1DB200AB4203 /* Constants.swift in Sources */,
			);
			runOnlyForDeploymentPostprocessing = 0;
		};
		AEDC0BF01D333D5B00C0822B /* Sources */ = {
			isa = PBXSourcesBuildPhase;
			buildActionMask = 2147483647;
			files = (
				AEDC0BF91D333D5B00C0822B /* hoBshareTests.swift in Sources */,
			);
			runOnlyForDeploymentPostprocessing = 0;
		};
		AEDC0BFB1D333D5B00C0822B /* Sources */ = {
			isa = PBXSourcesBuildPhase;
			buildActionMask = 2147483647;
			files = (
				AEDC0C041D333D5B00C0822B /* hoBshareUITests.swift in Sources */,
			);
			runOnlyForDeploymentPostprocessing = 0;
		};
/* End PBXSourcesBuildPhase section */

/* Begin PBXTargetDependency section */
		AEDC0BF61D333D5B00C0822B /* PBXTargetDependency */ = {
			isa = PBXTargetDependency;
			target = AEDC0BDF1D333D5A00C0822B /* hoBshare */;
			targetProxy = AEDC0BF51D333D5B00C0822B /* PBXContainerItemProxy */;
		};
		AEDC0C011D333D5B00C0822B /* PBXTargetDependency */ = {
			isa = PBXTargetDependency;
			target = AEDC0BDF1D333D5A00C0822B /* hoBshare */;
			targetProxy = AEDC0C001D333D5B00C0822B /* PBXContainerItemProxy */;
		};
/* End PBXTargetDependency section */

/* Begin PBXVariantGroup section */
		AEDC0BE71D333D5B00C0822B /* Main.storyboard */ = {
			isa = PBXVariantGroup;
			children = (
				AEDC0BE81D333D5B00C0822B /* Base */,
			);
			name = Main.storyboard;
			path = hoBshare;
			sourceTree = SOURCE_ROOT;
		};
		AEDC0BEC1D333D5B00C0822B /* LaunchScreen.storyboard */ = {
			isa = PBXVariantGroup;
			children = (
				AEDC0BED1D333D5B00C0822B /* Base */,
			);
			name = LaunchScreen.storyboard;
			sourceTree = "<group>";
		};
/* End PBXVariantGroup section */

/* Begin XCBuildConfiguration section */
		AEDC0C061D333D5B00C0822B /* Debug */ = {
			isa = XCBuildConfiguration;
			buildSettings = {
				ALWAYS_SEARCH_USER_PATHS = NO;
				CLANG_ANALYZER_NONNULL = YES;
				CLANG_CXX_LANGUAGE_STANDARD = "gnu++0x";
				CLANG_CXX_LIBRARY = "libc++";
				CLANG_ENABLE_MODULES = YES;
				CLANG_ENABLE_OBJC_ARC = YES;
				CLANG_WARN_BOOL_CONVERSION = YES;
				CLANG_WARN_CONSTANT_CONVERSION = YES;
				CLANG_WARN_DIRECT_OBJC_ISA_USAGE = YES_ERROR;
				CLANG_WARN_EMPTY_BODY = YES;
				CLANG_WARN_ENUM_CONVERSION = YES;
				CLANG_WARN_INT_CONVERSION = YES;
				CLANG_WARN_OBJC_ROOT_CLASS = YES_ERROR;
				CLANG_WARN_UNREACHABLE_CODE = YES;
				CLANG_WARN__DUPLICATE_METHOD_MATCH = YES;
				"CODE_SIGN_IDENTITY[sdk=iphoneos*]" = "iPhone Developer";
				COPY_PHASE_STRIP = NO;
				DEBUG_INFORMATION_FORMAT = dwarf;
				ENABLE_STRICT_OBJC_MSGSEND = YES;
				ENABLE_TESTABILITY = YES;
				GCC_C_LANGUAGE_STANDARD = gnu99;
				GCC_DYNAMIC_NO_PIC = NO;
				GCC_NO_COMMON_BLOCKS = YES;
				GCC_OPTIMIZATION_LEVEL = 0;
				GCC_PREPROCESSOR_DEFINITIONS = (
					"DEBUG=1",
					"$(inherited)",
				);
				GCC_WARN_64_TO_32_BIT_CONVERSION = YES;
				GCC_WARN_ABOUT_RETURN_TYPE = YES_ERROR;
				GCC_WARN_UNDECLARED_SELECTOR = YES;
				GCC_WARN_UNINITIALIZED_AUTOS = YES_AGGRESSIVE;
				GCC_WARN_UNUSED_FUNCTION = YES;
				GCC_WARN_UNUSED_VARIABLE = YES;
				IPHONEOS_DEPLOYMENT_TARGET = 9.3;
				MTL_ENABLE_DEBUG_INFO = YES;
				ONLY_ACTIVE_ARCH = YES;
				SDKROOT = iphoneos;
				SWIFT_OPTIMIZATION_LEVEL = "-Onone";
				TARGETED_DEVICE_FAMILY = "1,2";
			};
			name = Debug;
		};
		AEDC0C071D333D5B00C0822B /* Release */ = {
			isa = XCBuildConfiguration;
			buildSettings = {
				ALWAYS_SEARCH_USER_PATHS = NO;
				CLANG_ANALYZER_NONNULL = YES;
				CLANG_CXX_LANGUAGE_STANDARD = "gnu++0x";
				CLANG_CXX_LIBRARY = "libc++";
				CLANG_ENABLE_MODULES = YES;
				CLANG_ENABLE_OBJC_ARC = YES;
				CLANG_WARN_BOOL_CONVERSION = YES;
				CLANG_WARN_CONSTANT_CONVERSION = YES;
				CLANG_WARN_DIRECT_OBJC_ISA_USAGE = YES_ERROR;
				CLANG_WARN_EMPTY_BODY = YES;
				CLANG_WARN_ENUM_CONVERSION = YES;
				CLANG_WARN_INT_CONVERSION = YES;
				CLANG_WARN_OBJC_ROOT_CLASS = YES_ERROR;
				CLANG_WARN_UNREACHABLE_CODE = YES;
				CLANG_WARN__DUPLICATE_METHOD_MATCH = YES;
				"CODE_SIGN_IDENTITY[sdk=iphoneos*]" = "iPhone Developer";
				COPY_PHASE_STRIP = NO;
				DEBUG_INFORMATION_FORMAT = "dwarf-with-dsym";
				ENABLE_NS_ASSERTIONS = NO;
				ENABLE_STRICT_OBJC_MSGSEND = YES;
				GCC_C_LANGUAGE_STANDARD = gnu99;
				GCC_NO_COMMON_BLOCKS = YES;
				GCC_WARN_64_TO_32_BIT_CONVERSION = YES;
				GCC_WARN_ABOUT_RETURN_TYPE = YES_ERROR;
				GCC_WARN_UNDECLARED_SELECTOR = YES;
				GCC_WARN_UNINITIALIZED_AUTOS = YES_AGGRESSIVE;
				GCC_WARN_UNUSED_FUNCTION = YES;
				GCC_WARN_UNUSED_VARIABLE = YES;
				IPHONEOS_DEPLOYMENT_TARGET = 9.3;
				MTL_ENABLE_DEBUG_INFO = NO;
				SDKROOT = iphoneos;
				TARGETED_DEVICE_FAMILY = "1,2";
				VALIDATE_PRODUCT = YES;
			};
			name = Release;
		};
		AEDC0C091D333D5B00C0822B /* Debug */ = {
			isa = XCBuildConfiguration;
			buildSettings = {
				ASSETCATALOG_COMPILER_APPICON_NAME = AppIcon;
				CODE_SIGN_IDENTITY = "iPhone Developer";
				"CODE_SIGN_IDENTITY[sdk=iphoneos*]" = "iPhone Developer";
				INFOPLIST_FILE = "hoBshare/Supporting Files/Info.plist";
				IPHONEOS_DEPLOYMENT_TARGET = 9.1;
				LD_RUNPATH_SEARCH_PATHS = "$(inherited) @executable_path/Frameworks";
				PRODUCT_BUNDLE_IDENTIFIER = br.com.felipemarino.hoBshare;
				PRODUCT_NAME = "$(TARGET_NAME)";
				PROVISIONING_PROFILE = "";
			};
			name = Debug;
		};
		AEDC0C0A1D333D5B00C0822B /* Release */ = {
			isa = XCBuildConfiguration;
			buildSettings = {
				ASSETCATALOG_COMPILER_APPICON_NAME = AppIcon;
				CODE_SIGN_IDENTITY = "iPhone Developer";
				"CODE_SIGN_IDENTITY[sdk=iphoneos*]" = "iPhone Developer";
				INFOPLIST_FILE = "hoBshare/Supporting Files/Info.plist";
				IPHONEOS_DEPLOYMENT_TARGET = 9.1;
				LD_RUNPATH_SEARCH_PATHS = "$(inherited) @executable_path/Frameworks";
				PRODUCT_BUNDLE_IDENTIFIER = br.com.felipemarino.hoBshare;
				PRODUCT_NAME = "$(TARGET_NAME)";
				PROVISIONING_PROFILE = "";
			};
			name = Release;
		};
		AEDC0C0C1D333D5B00C0822B /* Debug */ = {
			isa = XCBuildConfiguration;
			buildSettings = {
				BUNDLE_LOADER = "$(TEST_HOST)";
				INFOPLIST_FILE = hoBshareTests/Info.plist;
				LD_RUNPATH_SEARCH_PATHS = "$(inherited) @executable_path/Frameworks @loader_path/Frameworks";
				PRODUCT_BUNDLE_IDENTIFIER = br.com.felipemarino.hoBshareTests;
				PRODUCT_NAME = "$(TARGET_NAME)";
				TEST_HOST = "$(BUILT_PRODUCTS_DIR)/hoBshare.app/hoBshare";
			};
			name = Debug;
		};
		AEDC0C0D1D333D5B00C0822B /* Release */ = {
			isa = XCBuildConfiguration;
			buildSettings = {
				BUNDLE_LOADER = "$(TEST_HOST)";
				INFOPLIST_FILE = hoBshareTests/Info.plist;
				LD_RUNPATH_SEARCH_PATHS = "$(inherited) @executable_path/Frameworks @loader_path/Frameworks";
				PRODUCT_BUNDLE_IDENTIFIER = br.com.felipemarino.hoBshareTests;
				PRODUCT_NAME = "$(TARGET_NAME)";
				TEST_HOST = "$(BUILT_PRODUCTS_DIR)/hoBshare.app/hoBshare";
			};
			name = Release;
		};
		AEDC0C0F1D333D5B00C0822B /* Debug */ = {
			isa = XCBuildConfiguration;
			buildSettings = {
				INFOPLIST_FILE = hoBshareUITests/Info.plist;
				LD_RUNPATH_SEARCH_PATHS = "$(inherited) @executable_path/Frameworks @loader_path/Frameworks";
				PRODUCT_BUNDLE_IDENTIFIER = br.com.felipemarino.hoBshareUITests;
				PRODUCT_NAME = "$(TARGET_NAME)";
				TEST_TARGET_NAME = hoBshare;
			};
			name = Debug;
		};
		AEDC0C101D333D5B00C0822B /* Release */ = {
			isa = XCBuildConfiguration;
			buildSettings = {
				INFOPLIST_FILE = hoBshareUITests/Info.plist;
				LD_RUNPATH_SEARCH_PATHS = "$(inherited) @executable_path/Frameworks @loader_path/Frameworks";
				PRODUCT_BUNDLE_IDENTIFIER = br.com.felipemarino.hoBshareUITests;
				PRODUCT_NAME = "$(TARGET_NAME)";
				TEST_TARGET_NAME = hoBshare;
			};
			name = Release;
		};
/* End XCBuildConfiguration section */

/* Begin XCConfigurationList section */
		AEDC0BDB1D333D5A00C0822B /* Build configuration list for PBXProject "hoBshare" */ = {
			isa = XCConfigurationList;
			buildConfigurations = (
				AEDC0C061D333D5B00C0822B /* Debug */,
				AEDC0C071D333D5B00C0822B /* Release */,
			);
			defaultConfigurationIsVisible = 0;
			defaultConfigurationName = Release;
		};
		AEDC0C081D333D5B00C0822B /* Build configuration list for PBXNativeTarget "hoBshare" */ = {
			isa = XCConfigurationList;
			buildConfigurations = (
				AEDC0C091D333D5B00C0822B /* Debug */,
				AEDC0C0A1D333D5B00C0822B /* Release */,
			);
			defaultConfigurationIsVisible = 0;
			defaultConfigurationName = Release;
		};
		AEDC0C0B1D333D5B00C0822B /* Build configuration list for PBXNativeTarget "hoBshareTests" */ = {
			isa = XCConfigurationList;
			buildConfigurations = (
				AEDC0C0C1D333D5B00C0822B /* Debug */,
				AEDC0C0D1D333D5B00C0822B /* Release */,
			);
			defaultConfigurationIsVisible = 0;
			defaultConfigurationName = Release;
		};
		AEDC0C0E1D333D5B00C0822B /* Build configuration list for PBXNativeTarget "hoBshareUITests" */ = {
			isa = XCConfigurationList;
			buildConfigurations = (
				AEDC0C0F1D333D5B00C0822B /* Debug */,
				AEDC0C101D333D5B00C0822B /* Release */,
			);
			defaultConfigurationIsVisible = 0;
			defaultConfigurationName = Release;
		};
/* End XCConfigurationList section */
	};
	rootObject = AEDC0BD81D333D5A00C0822B /* Project object */;
}
